// !$*UTF8*$!
{
	archiveVersion = 1;
	classes = {
	};
	objectVersion = 46;
	objects = {

/* Begin PBXBuildFile section */
		DA8C1F631BE012B300D9FBC9 /* main.m in Sources */ = {isa = PBXBuildFile; fileRef = DA8C1F621BE012B300D9FBC9 /* main.m */; };
		DA8C1F661BE012B300D9FBC9 /* AppDelegate.m in Sources */ = {isa = PBXBuildFile; fileRef = DA8C1F651BE012B300D9FBC9 /* AppDelegate.m */; };
		DA8C1F691BE012B300D9FBC9 /* ViewController.m in Sources */ = {isa = PBXBuildFile; fileRef = DA8C1F681BE012B300D9FBC9 /* ViewController.m */; };
		DA8C1F6C1BE012B300D9FBC9 /* Main.storyboard in Resources */ = {isa = PBXBuildFile; fileRef = DA8C1F6A1BE012B300D9FBC9 /* Main.storyboard */; };
		DA8C1F6E1BE012B300D9FBC9 /* Assets.xcassets in Resources */ = {isa = PBXBuildFile; fileRef = DA8C1F6D1BE012B300D9FBC9 /* Assets.xcassets */; };
		DA8C1F711BE012B300D9FBC9 /* LaunchScreen.storyboard in Resources */ = {isa = PBXBuildFile; fileRef = DA8C1F6F1BE012B300D9FBC9 /* LaunchScreen.storyboard */; };
		DA8C1F7C1BE012B300D9FBC9 /* AutoLayoutStoryboardTests.m in Sources */ = {isa = PBXBuildFile; fileRef = DA8C1F7B1BE012B300D9FBC9 /* AutoLayoutStoryboardTests.m */; };
		DA8C1F871BE012B300D9FBC9 /* AutoLayoutStoryboardUITests.m in Sources */ = {isa = PBXBuildFile; fileRef = DA8C1F861BE012B300D9FBC9 /* AutoLayoutStoryboardUITests.m */; };
/* End PBXBuildFile section */

/* Begin PBXContainerItemProxy section */
		DA8C1F781BE012B300D9FBC9 /* PBXContainerItemProxy */ = {
			isa = PBXContainerItemProxy;
			containerPortal = DA8C1F561BE012B300D9FBC9 /* Project object */;
			proxyType = 1;
			remoteGlobalIDString = DA8C1F5D1BE012B300D9FBC9;
			remoteInfo = AutoLayoutStoryboard;
		};
		DA8C1F831BE012B300D9FBC9 /* PBXContainerItemProxy */ = {
			isa = PBXContainerItemProxy;
			containerPortal = DA8C1F561BE012B300D9FBC9 /* Project object */;
			proxyType = 1;
			remoteGlobalIDString = DA8C1F5D1BE012B300D9FBC9;
			remoteInfo = AutoLayoutStoryboard;
		};
/* End PBXContainerItemProxy section */

/* Begin PBXFileReference section */
		DA8C1F5E1BE012B300D9FBC9 /* AutoLayoutStoryboard.app */ = {isa = PBXFileReference; explicitFileType = wrapper.application; includeInIndex = 0; path = AutoLayoutStoryboard.app; sourceTree = BUILT_PRODUCTS_DIR; };
		DA8C1F621BE012B300D9FBC9 /* main.m */ = {isa = PBXFileReference; lastKnownFileType = sourcecode.c.objc; path = main.m; sourceTree = "<group>"; };
		DA8C1F641BE012B300D9FBC9 /* AppDelegate.h */ = {isa = PBXFileReference; lastKnownFileType = sourcecode.c.h; path = AppDelegate.h; sourceTree = "<group>"; };
		DA8C1F651BE012B300D9FBC9 /* AppDelegate.m */ = {isa = PBXFileReference; lastKnownFileType = sourcecode.c.objc; path = AppDelegate.m; sourceTree = "<group>"; };
		DA8C1F671BE012B300D9FBC9 /* ViewController.h */ = {isa = PBXFileReference; lastKnownFileType = sourcecode.c.h; path = ViewController.h; sourceTree = "<group>"; };
		DA8C1F681BE012B300D9FBC9 /* ViewController.m */ = {isa = PBXFileReference; lastKnownFileType = sourcecode.c.objc; path = ViewController.m; sourceTree = "<group>"; };
		DA8C1F6B1BE012B300D9FBC9 /* Base */ = {isa = PBXFileReference; lastKnownFileType = file.storyboard; name = Base; path = Base.lproj/Main.storyboard; sourceTree = "<group>"; };
		DA8C1F6D1BE012B300D9FBC9 /* Assets.xcassets */ = {isa = PBXFileReference; lastKnownFileType = folder.assetcatalog; path = Assets.xcassets; sourceTree = "<group>"; };
		DA8C1F701BE012B300D9FBC9 /* Base */ = {isa = PBXFileReference; lastKnownFileType = file.storyboard; name = Base; path = Base.lproj/LaunchScreen.storyboard; sourceTree = "<group>"; };
		DA8C1F721BE012B300D9FBC9 /* Info.plist */ = {isa = PBXFileReference; lastKnownFileType = text.plist.xml; path = Info.plist; sourceTree = "<group>"; };
		DA8C1F771BE012B300D9FBC9 /* AutoLayoutStoryboardTests.xctest */ = {isa = PBXFileReference; explicitFileType = wrapper.cfbundle; includeInIndex = 0; path = AutoLayoutStoryboardTests.xctest; sourceTree = BUILT_PRODUCTS_DIR; };
		DA8C1F7B1BE012B300D9FBC9 /* AutoLayoutStoryboardTests.m */ = {isa = PBXFileReference; lastKnownFileType = sourcecode.c.objc; path = AutoLayoutStoryboardTests.m; sourceTree = "<group>"; };
		DA8C1F7D1BE012B300D9FBC9 /* Info.plist */ = {isa = PBXFileReference; lastKnownFileType = text.plist.xml; path = Info.plist; sourceTree = "<group>"; };
		DA8C1F821BE012B300D9FBC9 /* AutoLayoutStoryboardUITests.xctest */ = {isa = PBXFileReference; explicitFileType = wrapper.cfbundle; includeInIndex = 0; path = AutoLayoutStoryboardUITests.xctest; sourceTree = BUILT_PRODUCTS_DIR; };
		DA8C1F861BE012B300D9FBC9 /* AutoLayoutStoryboardUITests.m */ = {isa = PBXFileReference; lastKnownFileType = sourcecode.c.objc; path = AutoLayoutStoryboardUITests.m; sourceTree = "<group>"; };
		DA8C1F881BE012B300D9FBC9 /* Info.plist */ = {isa = PBXFileReference; lastKnownFileType = text.plist.xml; path = Info.plist; sourceTree = "<group>"; };
/* End PBXFileReference section */

/* Begin PBXFrameworksBuildPhase section */
		DA8C1F5B1BE012B300D9FBC9 /* Frameworks */ = {
			isa = PBXFrameworksBuildPhase;
			buildActionMask = 2147483647;
			files = (
			);
			runOnlyForDeploymentPostprocessing = 0;
		};
		DA8C1F741BE012B300D9FBC9 /* Frameworks */ = {
			isa = PBXFrameworksBuildPhase;
			buildActionMask = 2147483647;
			files = (
			);
			runOnlyForDeploymentPostprocessing = 0;
		};
		DA8C1F7F1BE012B300D9FBC9 /* Frameworks */ = {
			isa = PBXFrameworksBuildPhase;
			buildActionMask = 2147483647;
			files = (
			);
			runOnlyForDeploymentPostprocessing = 0;
		};
/* End PBXFrameworksBuildPhase section */

/* Begin PBXGroup section */
		DA8C1F551BE012B300D9FBC9 = {
			isa = PBXGroup;
			children = (
				DA8C1F601BE012B300D9FBC9 /* AutoLayoutStoryboard */,
				DA8C1F7A1BE012B300D9FBC9 /* AutoLayoutStoryboardTests */,
				DA8C1F851BE012B300D9FBC9 /* AutoLayoutStoryboardUITests */,
				DA8C1F5F1BE012B300D9FBC9 /* Products */,
			);
			sourceTree = "<group>";
		};
		DA8C1F5F1BE012B300D9FBC9 /* Products */ = {
			isa = PBXGroup;
			children = (
				DA8C1F5E1BE012B300D9FBC9 /* AutoLayoutStoryboard.app */,
				DA8C1F771BE012B300D9FBC9 /* AutoLayoutStoryboardTests.xctest */,
				DA8C1F821BE012B300D9FBC9 /* AutoLayoutStoryboardUITests.xctest */,
			);
			name = Products;
			sourceTree = "<group>";
		};
		DA8C1F601BE012B300D9FBC9 /* AutoLayoutStoryboard */ = {
			isa = PBXGroup;
			children = (
				DA8C1F641BE012B300D9FBC9 /* AppDelegate.h */,
				DA8C1F651BE012B300D9FBC9 /* AppDelegate.m */,
				DA8C1F671BE012B300D9FBC9 /* ViewController.h */,
				DA8C1F681BE012B300D9FBC9 /* ViewController.m */,
				DA8C1F6A1BE012B300D9FBC9 /* Main.storyboard */,
				DA8C1F6D1BE012B300D9FBC9 /* Assets.xcassets */,
				DA8C1F6F1BE012B300D9FBC9 /* LaunchScreen.storyboard */,
				DA8C1F721BE012B300D9FBC9 /* Info.plist */,
				DA8C1F611BE012B300D9FBC9 /* Supporting Files */,
			);
			path = AutoLayoutStoryboard;
			sourceTree = "<group>";
		};
		DA8C1F611BE012B300D9FBC9 /* Supporting Files */ = {
			isa = PBXGroup;
			children = (
				DA8C1F621BE012B300D9FBC9 /* main.m */,
			);
			name = "Supporting Files";
			sourceTree = "<group>";
		};
		DA8C1F7A1BE012B300D9FBC9 /* AutoLayoutStoryboardTests */ = {
			isa = PBXGroup;
			children = (
				DA8C1F7B1BE012B300D9FBC9 /* AutoLayoutStoryboardTests.m */,
				DA8C1F7D1BE012B300D9FBC9 /* Info.plist */,
			);
			path = AutoLayoutStoryboardTests;
			sourceTree = "<group>";
		};
		DA8C1F851BE012B300D9FBC9 /* AutoLayoutStoryboardUITests */ = {
			isa = PBXGroup;
			children = (
				DA8C1F861BE012B300D9FBC9 /* AutoLayoutStoryboardUITests.m */,
				DA8C1F881BE012B300D9FBC9 /* Info.plist */,
			);
			path = AutoLayoutStoryboardUITests;
			sourceTree = "<group>";
		};
/* End PBXGroup section */

/* Begin PBXNativeTarget section */
		DA8C1F5D1BE012B300D9FBC9 /* AutoLayoutStoryboard */ = {
			isa = PBXNativeTarget;
			buildConfigurationList = DA8C1F8B1BE012B300D9FBC9 /* Build configuration list for PBXNativeTarget "AutoLayoutStoryboard" */;
			buildPhases = (
				DA8C1F5A1BE012B300D9FBC9 /* Sources */,
				DA8C1F5B1BE012B300D9FBC9 /* Frameworks */,
				DA8C1F5C1BE012B300D9FBC9 /* Resources */,
			);
			buildRules = (
			);
			dependencies = (
			);
			name = AutoLayoutStoryboard;
			productName = AutoLayoutStoryboard;
			productReference = DA8C1F5E1BE012B300D9FBC9 /* AutoLayoutStoryboard.app */;
			productType = "com.apple.product-type.application";
		};
		DA8C1F761BE012B300D9FBC9 /* AutoLayoutStoryboardTests */ = {
			isa = PBXNativeTarget;
			buildConfigurationList = DA8C1F8E1BE012B300D9FBC9 /* Build configuration list for PBXNativeTarget "AutoLayoutStoryboardTests" */;
			buildPhases = (
				DA8C1F731BE012B300D9FBC9 /* Sources */,
				DA8C1F741BE012B300D9FBC9 /* Frameworks */,
				DA8C1F751BE012B300D9FBC9 /* Resources */,
			);
			buildRules = (
			);
			dependencies = (
				DA8C1F791BE012B300D9FBC9 /* PBXTargetDependency */,
			);
			name = AutoLayoutStoryboardTests;
			productName = AutoLayoutStoryboardTests;
			productReference = DA8C1F771BE012B300D9FBC9 /* AutoLayoutStoryboardTests.xctest */;
			productType = "com.apple.product-type.bundle.unit-test";
		};
		DA8C1F811BE012B300D9FBC9 /* AutoLayoutStoryboardUITests */ = {
			isa = PBXNativeTarget;
			buildConfigurationList = DA8C1F911BE012B300D9FBC9 /* Build configuration list for PBXNativeTarget "AutoLayoutStoryboardUITests" */;
			buildPhases = (
				DA8C1F7E1BE012B300D9FBC9 /* Sources */,
				DA8C1F7F1BE012B300D9FBC9 /* Frameworks */,
				DA8C1F801BE012B300D9FBC9 /* Resources */,
			);
			buildRules = (
			);
			dependencies = (
				DA8C1F841BE012B300D9FBC9 /* PBXTargetDependency */,
			);
			name = AutoLayoutStoryboardUITests;
			productName = AutoLayoutStoryboardUITests;
			productReference = DA8C1F821BE012B300D9FBC9 /* AutoLayoutStoryboardUITests.xctest */;
			productType = "com.apple.product-type.bundle.ui-testing";
		};
/* End PBXNativeTarget section */

/* Begin PBXProject section */
		DA8C1F561BE012B300D9FBC9 /* Project object */ = {
			isa = PBXProject;
			attributes = {
				LastUpgradeCheck = 0700;
				ORGANIZATIONNAME = Steele;
				TargetAttributes = {
					DA8C1F5D1BE012B300D9FBC9 = {
						CreatedOnToolsVersion = 7.0;
					};
					DA8C1F761BE012B300D9FBC9 = {
						CreatedOnToolsVersion = 7.0;
						TestTargetID = DA8C1F5D1BE012B300D9FBC9;
					};
					DA8C1F811BE012B300D9FBC9 = {
						CreatedOnToolsVersion = 7.0;
						TestTargetID = DA8C1F5D1BE012B300D9FBC9;
					};
				};
			};
			buildConfigurationList = DA8C1F591BE012B300D9FBC9 /* Build configuration list for PBXProject "AutoLayoutStoryboard" */;
			compatibilityVersion = "Xcode 3.2";
			developmentRegion = English;
			hasScannedForEncodings = 0;
			knownRegions = (
				en,
				Base,
			);
			mainGroup = DA8C1F551BE012B300D9FBC9;
			productRefGroup = DA8C1F5F1BE012B300D9FBC9 /* Products */;
			projectDirPath = "";
			projectRoot = "";
			targets = (
				DA8C1F5D1BE012B300D9FBC9 /* AutoLayoutStoryboard */,
				DA8C1F761BE012B300D9FBC9 /* AutoLayoutStoryboardTests */,
				DA8C1F811BE012B300D9FBC9 /* AutoLayoutStoryboardUITests */,
			);
		};
/* End PBXProject section */

/* Begin PBXResourcesBuildPhase section */
		DA8C1F5C1BE012B300D9FBC9 /* Resources */ = {
			isa = PBXResourcesBuildPhase;
			buildActionMask = 2147483647;
			files = (
				DA8C1F711BE012B300D9FBC9 /* LaunchScreen.storyboard in Resources */,
				DA8C1F6E1BE012B300D9FBC9 /* Assets.xcassets in Resources */,
				DA8C1F6C1BE012B300D9FBC9 /* Main.storyboard in Resources */,
			);
			runOnlyForDeploymentPostprocessing = 0;
		};
		DA8C1F751BE012B300D9FBC9 /* Resources */ = {
			isa = PBXResourcesBuildPhase;
			buildActionMask = 2147483647;
			files = (
			);
			runOnlyForDeploymentPostprocessing = 0;
		};
		DA8C1F801BE012B300D9FBC9 /* Resources */ = {
			isa = PBXResourcesBuildPhase;
			buildActionMask = 2147483647;
			files = (
			);
			runOnlyForDeploymentPostprocessing = 0;
		};
/* End PBXResourcesBuildPhase section */

/* Begin PBXSourcesBuildPhase section */
		DA8C1F5A1BE012B300D9FBC9 /* Sources */ = {
			isa = PBXSourcesBuildPhase;
			buildActionMask = 2147483647;
			files = (
				DA8C1F691BE012B300D9FBC9 /* ViewController.m in Sources */,
				DA8C1F661BE012B300D9FBC9 /* AppDelegate.m in Sources */,
				DA8C1F631BE012B300D9FBC9 /* main.m in Sources */,
			);
			runOnlyForDeploymentPostprocessing = 0;
		};
		DA8C1F731BE012B300D9FBC9 /* Sources */ = {
			isa = PBXSourcesBuildPhase;
			buildActionMask = 2147483647;
			files = (
				DA8C1F7C1BE012B300D9FBC9 /* AutoLayoutStoryboardTests.m in Sources */,
			);
			runOnlyForDeploymentPostprocessing = 0;
		};
		DA8C1F7E1BE012B300D9FBC9 /* Sources */ = {
			isa = PBXSourcesBuildPhase;
			buildActionMask = 2147483647;
			files = (
				DA8C1F871BE012B300D9FBC9 /* AutoLayoutStoryboardUITests.m in Sources */,
			);
			runOnlyForDeploymentPostprocessing = 0;
		};
/* End PBXSourcesBuildPhase section */

/* Begin PBXTargetDependency section */
		DA8C1F791BE012B300D9FBC9 /* PBXTargetDependency */ = {
			isa = PBXTargetDependency;
			target = DA8C1F5D1BE012B300D9FBC9 /* AutoLayoutStoryboard */;
			targetProxy = DA8C1F781BE012B300D9FBC9 /* PBXContainerItemProxy */;
		};
		DA8C1F841BE012B300D9FBC9 /* PBXTargetDependency */ = {
			isa = PBXTargetDependency;
			target = DA8C1F5D1BE012B300D9FBC9 /* AutoLayoutStoryboard */;
			targetProxy = DA8C1F831BE012B300D9FBC9 /* PBXContainerItemProxy */;
		};
/* End PBXTargetDependency section */

/* Begin PBXVariantGroup section */
		DA8C1F6A1BE012B300D9FBC9 /* Main.storyboard */ = {
			isa = PBXVariantGroup;
			children = (
				DA8C1F6B1BE012B300D9FBC9 /* Base */,
			);
			name = Main.storyboard;
			sourceTree = "<group>";
		};
		DA8C1F6F1BE012B300D9FBC9 /* LaunchScreen.storyboard */ = {
			isa = PBXVariantGroup;
			children = (
				DA8C1F701BE012B300D9FBC9 /* Base */,
			);
			name = LaunchScreen.storyboard;
			sourceTree = "<group>";
		};
/* End PBXVariantGroup section */

/* Begin XCBuildConfiguration section */
		DA8C1F891BE012B300D9FBC9 /* Debug */ = {
			isa = XCBuildConfiguration;
			buildSettings = {
				ALWAYS_SEARCH_USER_PATHS = NO;
				CLANG_CXX_LANGUAGE_STANDARD = "gnu++0x";
				CLANG_CXX_LIBRARY = "libc++";
				CLANG_ENABLE_MODULES = YES;
				CLANG_ENABLE_OBJC_ARC = YES;
				CLANG_WARN_BOOL_CONVERSION = YES;
				CLANG_WARN_CONSTANT_CONVERSION = YES;
				CLANG_WARN_DIRECT_OBJC_ISA_USAGE = YES_ERROR;
				CLANG_WARN_EMPTY_BODY = YES;
				CLANG_WARN_ENUM_CONVERSION = YES;
				CLANG_WARN_INT_CONVERSION = YES;
				CLANG_WARN_OBJC_ROOT_CLASS = YES_ERROR;
				CLANG_WARN_UNREACHABLE_CODE = YES;
				CLANG_WARN__DUPLICATE_METHOD_MATCH = YES;
				"CODE_SIGN_IDENTITY[sdk=iphoneos*]" = "iPhone Developer";
				COPY_PHASE_STRIP = NO;
				DEBUG_INFORMATION_FORMAT = dwarf;
				ENABLE_STRICT_OBJC_MSGSEND = YES;
				ENABLE_TESTABILITY = YES;
				GCC_C_LANGUAGE_STANDARD = gnu99;
				GCC_DYNAMIC_NO_PIC = NO;
				GCC_NO_COMMON_BLOCKS = YES;
				GCC_OPTIMIZATION_LEVEL = 0;
				GCC_PREPROCESSOR_DEFINITIONS = (
					"DEBUG=1",
					"$(inherited)",
				);
				GCC_WARN_64_TO_32_BIT_CONVERSION = YES;
				GCC_WARN_ABOUT_RETURN_TYPE = YES_ERROR;
				GCC_WARN_UNDECLARED_SELECTOR = YES;
				GCC_WARN_UNINITIALIZED_AUTOS = YES_AGGRESSIVE;
				GCC_WARN_UNUSED_FUNCTION = YES;
				GCC_WARN_UNUSED_VARIABLE = YES;
				IPHONEOS_DEPLOYMENT_TARGET = 9.0;
				MTL_ENABLE_DEBUG_INFO = YES;
				ONLY_ACTIVE_ARCH = YES;
				SDKROOT = iphoneos;
			};
			name = Debug;
		};
		DA8C1F8A1BE012B300D9FBC9 /* Release */ = {
			isa = XCBuildConfiguration;
			buildSettings = {
				ALWAYS_SEARCH_USER_PATHS = NO;
				CLANG_CXX_LANGUAGE_STANDARD = "gnu++0x";
				CLANG_CXX_LIBRARY = "libc++";
				CLANG_ENABLE_MODULES = YES;
				CLANG_ENABLE_OBJC_ARC = YES;
				CLANG_WARN_BOOL_CONVERSION = YES;
				CLANG_WARN_CONSTANT_CONVERSION = YES;
				CLANG_WARN_DIRECT_OBJC_ISA_USAGE = YES_ERROR;
				CLANG_WARN_EMPTY_BODY = YES;
				CLANG_WARN_ENUM_CONVERSION = YES;
				CLANG_WARN_INT_CONVERSION = YES;
				CLANG_WARN_OBJC_ROOT_CLASS = YES_ERROR;
				CLANG_WARN_UNREACHABLE_CODE = YES;
				CLANG_WARN__DUPLICATE_METHOD_MATCH = YES;
				"CODE_SIGN_IDENTITY[sdk=iphoneos*]" = "iPhone Developer";
				COPY_PHASE_STRIP = NO;
				DEBUG_INFORMATION_FORMAT = "dwarf-with-dsym";
				ENABLE_NS_ASSERTIONS = NO;
				ENABLE_STRICT_OBJC_MSGSEND = YES;
				GCC_C_LANGUAGE_STANDARD = gnu99;
				GCC_NO_COMMON_BLOCKS = YES;
				GCC_WARN_64_TO_32_BIT_CONVERSION = YES;
				GCC_WARN_ABOUT_RETURN_TYPE = YES_ERROR;
				GCC_WARN_UNDECLARED_SELECTOR = YES;
				GCC_WARN_UNINITIALIZED_AUTOS = YES_AGGRESSIVE;
				GCC_WARN_UNUSED_FUNCTION = YES;
				GCC_WARN_UNUSED_VARIABLE = YES;
				IPHONEOS_DEPLOYMENT_TARGET = 9.0;
				MTL_ENABLE_DEBUG_INFO = NO;
				SDKROOT = iphoneos;
				VALIDATE_PRODUCT = YES;
			};
			name = Release;
		};
		DA8C1F8C1BE012B300D9FBC9 /* Debug */ = {
			isa = XCBuildConfiguration;
			buildSettings = {
				ASSETCATALOG_COMPILER_APPICON_NAME = AppIcon;
				INFOPLIST_FILE = AutoLayoutStoryboard/Info.plist;
				LD_RUNPATH_SEARCH_PATHS = "$(inherited) @executable_path/Frameworks";
				PRODUCT_BUNDLE_IDENTIFIER = "-107.AutoLayoutStoryboard";
				PRODUCT_NAME = "$(TARGET_NAME)";
				TARGETED_DEVICE_FAMILY = "1,2";
			};
			name = Debug;
		};
		DA8C1F8D1BE012B300D9FBC9 /* Release */ = {
			isa = XCBuildConfiguration;
			buildSettings = {
				ASSETCATALOG_COMPILER_APPICON_NAME = AppIcon;
				INFOPLIST_FILE = AutoLayoutStoryboard/Info.plist;
				LD_RUNPATH_SEARCH_PATHS = "$(inherited) @executable_path/Frameworks";
				PRODUCT_BUNDLE_IDENTIFIER = "-107.AutoLayoutStoryboard";
				PRODUCT_NAME = "$(TARGET_NAME)";
				TARGETED_DEVICE_FAMILY = "1,2";
			};
			name = Release;
		};
		DA8C1F8F1BE012B300D9FBC9 /* Debug */ = {
			isa = XCBuildConfiguration;
			buildSettings = {
				BUNDLE_LOADER = "$(TEST_HOST)";
				INFOPLIST_FILE = AutoLayoutStoryboardTests/Info.plist;
				LD_RUNPATH_SEARCH_PATHS = "$(inherited) @executable_path/Frameworks @loader_path/Frameworks";
				PRODUCT_BUNDLE_IDENTIFIER = "-107.AutoLayoutStoryboardTests";
				PRODUCT_NAME = "$(TARGET_NAME)";
				TEST_HOST = "$(BUILT_PRODUCTS_DIR)/AutoLayoutStoryboard.app/AutoLayoutStoryboard";
			};
			name = Debug;
		};
		DA8C1F901BE012B300D9FBC9 /* Release */ = {
			isa = XCBuildConfiguration;
			buildSettings = {
				BUNDLE_LOADER = "$(TEST_HOST)";
				INFOPLIST_FILE = AutoLayoutStoryboardTests/Info.plist;
				LD_RUNPATH_SEARCH_PATHS = "$(inherited) @executable_path/Frameworks @loader_path/Frameworks";
				PRODUCT_BUNDLE_IDENTIFIER = "-107.AutoLayoutStoryboardTests";
				PRODUCT_NAME = "$(TARGET_NAME)";
				TEST_HOST = "$(BUILT_PRODUCTS_DIR)/AutoLayoutStoryboard.app/AutoLayoutStoryboard";
			};
			name = Release;
		};
		DA8C1F921BE012B300D9FBC9 /* Debug */ = {
			isa = XCBuildConfiguration;
			buildSettings = {
				INFOPLIST_FILE = AutoLayoutStoryboardUITests/Info.plist;
				LD_RUNPATH_SEARCH_PATHS = "$(inherited) @executable_path/Frameworks @loader_path/Frameworks";
				PRODUCT_BUNDLE_IDENTIFIER = "-107.AutoLayoutStoryboardUITests";
				PRODUCT_NAME = "$(TARGET_NAME)";
				TEST_TARGET_NAME = AutoLayoutStoryboard;
				USES_XCTRUNNER = YES;
			};
			name = Debug;
		};
		DA8C1F931BE012B300D9FBC9 /* Release */ = {
			isa = XCBuildConfiguration;
			buildSettings = {
				INFOPLIST_FILE = AutoLayoutStoryboardUITests/Info.plist;
				LD_RUNPATH_SEARCH_PATHS = "$(inherited) @executable_path/Frameworks @loader_path/Frameworks";
				PRODUCT_BUNDLE_IDENTIFIER = "-107.AutoLayoutStoryboardUITests";
				PRODUCT_NAME = "$(TARGET_NAME)";
				TEST_TARGET_NAME = AutoLayoutStoryboard;
				USES_XCTRUNNER = YES;
			};
			name = Release;
		};
/* End XCBuildConfiguration section */

/* Begin XCConfigurationList section */
		DA8C1F591BE012B300D9FBC9 /* Build configuration list for PBXProject "AutoLayoutStoryboard" */ = {
			isa = XCConfigurationList;
			buildConfigurations = (
				DA8C1F891BE012B300D9FBC9 /* Debug */,
				DA8C1F8A1BE012B300D9FBC9 /* Release */,
			);
			defaultConfigurationIsVisible = 0;
			defaultConfigurationName = Release;
		};
		DA8C1F8B1BE012B300D9FBC9 /* Build configuration list for PBXNativeTarget "AutoLayoutStoryboard" */ = {
			isa = XCConfigurationList;
			buildConfigurations = (
				DA8C1F8C1BE012B300D9FBC9 /* Debug */,
				DA8C1F8D1BE012B300D9FBC9 /* Release */,
			);
			defaultConfigurationIsVisible = 0;
		};
		DA8C1F8E1BE012B300D9FBC9 /* Build configuration list for PBXNativeTarget "AutoLayoutStoryboardTests" */ = {
			isa = XCConfigurationList;
			buildConfigurations = (
				DA8C1F8F1BE012B300D9FBC9 /* Debug */,
				DA8C1F901BE012B300D9FBC9 /* Release */,
			);
			defaultConfigurationIsVisible = 0;
		};
		DA8C1F911BE012B300D9FBC9 /* Build configuration list for PBXNativeTarget "AutoLayoutStoryboardUITests" */ = {
			isa = XCConfigurationList;
			buildConfigurations = (
				DA8C1F921BE012B300D9FBC9 /* Debug */,
				DA8C1F931BE012B300D9FBC9 /* Release */,
			);
			defaultConfigurationIsVisible = 0;
		};
/* End XCConfigurationList section */
	};
	rootObject = DA8C1F561BE012B300D9FBC9 /* Project object */;
}
